
Microsoft Visual Studio Solution File, Format Version 12.00
# Visual Studio 15
VisualStudioVersion = 15.0.28307.757
MinimumVisualStudioVersion = 10.0.40219.1
Project("{9A19103F-16F7-4668-BE54-9A1E7A4F7556}") = "ResearchData.Portal", "ResearchData.Portal\ResearchData.Portal.csproj", "{E10A9BF6-A95E-4DE6-A3D7-CE62A3167BEF}"
EndProject
Global
	GlobalSection(SolutionConfigurationPlatforms) = preSolution
		Debug|Any CPU = Debug|Any CPU
		Release|Any CPU = Release|Any CPU
	EndGlobalSection
	GlobalSection(ProjectConfigurationPlatforms) = postSolution
		{E10A9BF6-A95E-4DE6-A3D7-CE62A3167BEF}.Debug|Any CPU.ActiveCfg = Debug|Any CPU
		{E10A9BF6-A95E-4DE6-A3D7-CE62A3167BEF}.Debug|Any CPU.Build.0 = Debug|Any CPU
		{E10A9BF6-A95E-4DE6-A3D7-CE62A3167BEF}.Release|Any CPU.ActiveCfg = Release|Any CPU
		{E10A9BF6-A95E-4DE6-A3D7-CE62A3167BEF}.Release|Any CPU.Build.0 = Release|Any CPU
	EndGlobalSection
	GlobalSection(SolutionProperties) = preSolution
		HideSolutionNode = FALSE
	EndGlobalSection
	GlobalSection(ExtensibilityGlobals) = postSolution
		SolutionGuid = {BB84E25F-90D2-4D8C-9F7E-18FA93EC9DB6}
	EndGlobalSection
EndGlobal
